
Microsoft Visual Studio Solution File, Format Version 12.00
# Visual Studio Version 17
VisualStudioVersion = 17.14.36109.1 d17.14
MinimumVisualStudioVersion = 10.0.40219.1
Project("{FAE04EC0-301F-11D3-BF4B-00C04F79EFBC}") = "SpaceGame", "SpaceGame.csproj", "{ECBCAB61-9386-4D23-B8B5-07106679E827}"
EndProject
Global
	GlobalSection(SolutionConfigurationPlatforms) = preSolution
		Debug|Any CPU = Debug|Any CPU
		Release|Any CPU = Release|Any CPU
	EndGlobalSection
	GlobalSection(ProjectConfigurationPlatforms) = postSolution
		{ECBCAB61-9386-4D23-B8B5-07106679E827}.Debug|Any CPU.ActiveCfg = Debug|Any CPU
		{ECBCAB61-9386-4D23-B8B5-07106679E827}.Debug|Any CPU.Build.0 = Debug|Any CPU
		{ECBCAB61-9386-4D23-B8B5-07106679E827}.Release|Any CPU.ActiveCfg = Release|Any CPU
		{ECBCAB61-9386-4D23-B8B5-07106679E827}.Release|Any CPU.Build.0 = Release|Any CPU
	EndGlobalSection
	GlobalSection(SolutionProperties) = preSolution
		HideSolutionNode = FALSE
	EndGlobalSection
	GlobalSection(ExtensibilityGlobals) = postSolution
		SolutionGuid = {3208D5DE-2C4D-400B-9483-428A8D88DF65}
	EndGlobalSection
EndGlobal
